// !$*UTF8*$!
{
	archiveVersion = 1;
	classes = {
	};
	objectVersion = 56;
	objects = {

/* Begin PBXBuildFile section */
		31B2A2252B94443D00F0A78C /* StartSessionView.swift in Sources */ = {isa = PBXBuildFile; fileRef = 31B2A2242B94443D00F0A78C /* StartSessionView.swift */; };
		31DB83D32B930B9900CF25D1 /* RealityKitContent in Frameworks */ = {isa = PBXBuildFile; productRef = 31DB83D22B930B9900CF25D1 /* RealityKitContent */; };
		31DB83D52B930B9900CF25D1 /* NewVisionApp.swift in Sources */ = {isa = PBXBuildFile; fileRef = 31DB83D42B930B9900CF25D1 /* NewVisionApp.swift */; };
		31DB83D72B930B9900CF25D1 /* ContentView.swift in Sources */ = {isa = PBXBuildFile; fileRef = 31DB83D62B930B9900CF25D1 /* ContentView.swift */; };
		31DB83D92B930B9900CF25D1 /* ImmersiveView.swift in Sources */ = {isa = PBXBuildFile; fileRef = 31DB83D82B930B9900CF25D1 /* ImmersiveView.swift */; };
		31DB83DB2B930B9B00CF25D1 /* Assets.xcassets in Resources */ = {isa = PBXBuildFile; fileRef = 31DB83DA2B930B9B00CF25D1 /* Assets.xcassets */; };
		31DB83DE2B930B9B00CF25D1 /* Preview Assets.xcassets in Resources */ = {isa = PBXBuildFile; fileRef = 31DB83DD2B930B9B00CF25D1 /* Preview Assets.xcassets */; };
		31DB83E92B930B9C00CF25D1 /* NewVisionTests.swift in Sources */ = {isa = PBXBuildFile; fileRef = 31DB83E82B930B9C00CF25D1 /* NewVisionTests.swift */; };
		975546152B94FD8A004606A4 /* GalleryView.swift in Sources */ = {isa = PBXBuildFile; fileRef = 975546142B94FD8A004606A4 /* GalleryView.swift */; };
		97A5E32A2B94FF1E00EFD633 /* sharon_path1.mp3 in Resources */ = {isa = PBXBuildFile; fileRef = 97A5E3252B94FF1E00EFD633 /* sharon_path1.mp3 */; };
		97A5E32B2B94FF1E00EFD633 /* sharon_3.mp3 in Resources */ = {isa = PBXBuildFile; fileRef = 97A5E3262B94FF1E00EFD633 /* sharon_3.mp3 */; };
		97A5E32C2B94FF1E00EFD633 /* sharon_5.mp3 in Resources */ = {isa = PBXBuildFile; fileRef = 97A5E3272B94FF1E00EFD633 /* sharon_5.mp3 */; };
		97A5E32D2B94FF1E00EFD633 /* sharon_1.mp3 in Resources */ = {isa = PBXBuildFile; fileRef = 97A5E3282B94FF1E00EFD633 /* sharon_1.mp3 */; };
		97A5E32E2B94FF1E00EFD633 /* sharon_path2.mp3 in Resources */ = {isa = PBXBuildFile; fileRef = 97A5E3292B94FF1E00EFD633 /* sharon_path2.mp3 */; };
/* End PBXBuildFile section */

/* Begin PBXContainerItemProxy section */
		31DB83E52B930B9C00CF25D1 /* PBXContainerItemProxy */ = {
			isa = PBXContainerItemProxy;
			containerPortal = 31DB83C52B930B9900CF25D1 /* Project object */;
			proxyType = 1;
			remoteGlobalIDString = 31DB83CC2B930B9900CF25D1;
			remoteInfo = NewVision;
		};
/* End PBXContainerItemProxy section */

/* Begin PBXFileReference section */
		31B2A2242B94443D00F0A78C /* StartSessionView.swift */ = {isa = PBXFileReference; lastKnownFileType = sourcecode.swift; path = StartSessionView.swift; sourceTree = "<group>"; };
		31DB83CD2B930B9900CF25D1 /* NewVision.app */ = {isa = PBXFileReference; explicitFileType = wrapper.application; includeInIndex = 0; path = NewVision.app; sourceTree = BUILT_PRODUCTS_DIR; };
		31DB83D12B930B9900CF25D1 /* RealityKitContent */ = {isa = PBXFileReference; lastKnownFileType = wrapper; path = RealityKitContent; sourceTree = "<group>"; };
		31DB83D42B930B9900CF25D1 /* NewVisionApp.swift */ = {isa = PBXFileReference; lastKnownFileType = sourcecode.swift; path = NewVisionApp.swift; sourceTree = "<group>"; };
		31DB83D62B930B9900CF25D1 /* ContentView.swift */ = {isa = PBXFileReference; lastKnownFileType = sourcecode.swift; path = ContentView.swift; sourceTree = "<group>"; };
		31DB83D82B930B9900CF25D1 /* ImmersiveView.swift */ = {isa = PBXFileReference; lastKnownFileType = sourcecode.swift; path = ImmersiveView.swift; sourceTree = "<group>"; };
		31DB83DA2B930B9B00CF25D1 /* Assets.xcassets */ = {isa = PBXFileReference; lastKnownFileType = folder.assetcatalog; path = Assets.xcassets; sourceTree = "<group>"; };
		31DB83DD2B930B9B00CF25D1 /* Preview Assets.xcassets */ = {isa = PBXFileReference; lastKnownFileType = folder.assetcatalog; path = "Preview Assets.xcassets"; sourceTree = "<group>"; };
		31DB83DF2B930B9B00CF25D1 /* Info.plist */ = {isa = PBXFileReference; lastKnownFileType = text.plist.xml; path = Info.plist; sourceTree = "<group>"; };
		31DB83E42B930B9C00CF25D1 /* NewVisionTests.xctest */ = {isa = PBXFileReference; explicitFileType = wrapper.cfbundle; includeInIndex = 0; path = NewVisionTests.xctest; sourceTree = BUILT_PRODUCTS_DIR; };
		31DB83E82B930B9C00CF25D1 /* NewVisionTests.swift */ = {isa = PBXFileReference; lastKnownFileType = sourcecode.swift; path = NewVisionTests.swift; sourceTree = "<group>"; };
		975546142B94FD8A004606A4 /* GalleryView.swift */ = {isa = PBXFileReference; fileEncoding = 4; lastKnownFileType = sourcecode.swift; path = GalleryView.swift; sourceTree = "<group>"; };
		97A5E3252B94FF1E00EFD633 /* sharon_path1.mp3 */ = {isa = PBXFileReference; lastKnownFileType = audio.mp3; path = sharon_path1.mp3; sourceTree = "<group>"; };
		97A5E3262B94FF1E00EFD633 /* sharon_3.mp3 */ = {isa = PBXFileReference; lastKnownFileType = audio.mp3; path = sharon_3.mp3; sourceTree = "<group>"; };
		97A5E3272B94FF1E00EFD633 /* sharon_5.mp3 */ = {isa = PBXFileReference; lastKnownFileType = audio.mp3; path = sharon_5.mp3; sourceTree = "<group>"; };
		97A5E3282B94FF1E00EFD633 /* sharon_1.mp3 */ = {isa = PBXFileReference; lastKnownFileType = audio.mp3; path = sharon_1.mp3; sourceTree = "<group>"; };
		97A5E3292B94FF1E00EFD633 /* sharon_path2.mp3 */ = {isa = PBXFileReference; lastKnownFileType = audio.mp3; path = sharon_path2.mp3; sourceTree = "<group>"; };
/* End PBXFileReference section */

/* Begin PBXFrameworksBuildPhase section */
		31DB83CA2B930B9900CF25D1 /* Frameworks */ = {
			isa = PBXFrameworksBuildPhase;
			buildActionMask = 2147483647;
			files = (
				31DB83D32B930B9900CF25D1 /* RealityKitContent in Frameworks */,
			);
			runOnlyForDeploymentPostprocessing = 0;
		};
		31DB83E12B930B9C00CF25D1 /* Frameworks */ = {
			isa = PBXFrameworksBuildPhase;
			buildActionMask = 2147483647;
			files = (
			);
			runOnlyForDeploymentPostprocessing = 0;
		};
/* End PBXFrameworksBuildPhase section */

/* Begin PBXGroup section */
		31DB83C42B930B9900CF25D1 = {
			isa = PBXGroup;
			children = (
				31DB83CF2B930B9900CF25D1 /* NewVision */,
				31DB83D02B930B9900CF25D1 /* Packages */,
				31DB83E72B930B9C00CF25D1 /* NewVisionTests */,
				31DB83CE2B930B9900CF25D1 /* Products */,
			);
			sourceTree = "<group>";
		};
		31DB83CE2B930B9900CF25D1 /* Products */ = {
			isa = PBXGroup;
			children = (
				31DB83CD2B930B9900CF25D1 /* NewVision.app */,
				31DB83E42B930B9C00CF25D1 /* NewVisionTests.xctest */,
			);
			name = Products;
			sourceTree = "<group>";
		};
		31DB83CF2B930B9900CF25D1 /* NewVision */ = {
			isa = PBXGroup;
			children = (
				97A5E3282B94FF1E00EFD633 /* sharon_1.mp3 */,
				97A5E3262B94FF1E00EFD633 /* sharon_3.mp3 */,
				97A5E3272B94FF1E00EFD633 /* sharon_5.mp3 */,
				97A5E3252B94FF1E00EFD633 /* sharon_path1.mp3 */,
				97A5E3292B94FF1E00EFD633 /* sharon_path2.mp3 */,
				31DB83D42B930B9900CF25D1 /* NewVisionApp.swift */,
				31DB83D62B930B9900CF25D1 /* ContentView.swift */,
				31DB83D82B930B9900CF25D1 /* ImmersiveView.swift */,
				975546142B94FD8A004606A4 /* GalleryView.swift */,
				31B2A2242B94443D00F0A78C /* StartSessionView.swift */,
				31DB83DA2B930B9B00CF25D1 /* Assets.xcassets */,
				31DB83DF2B930B9B00CF25D1 /* Info.plist */,
				31DB83DC2B930B9B00CF25D1 /* Preview Content */,
			);
			path = NewVision;
			sourceTree = "<group>";
		};
		31DB83D02B930B9900CF25D1 /* Packages */ = {
			isa = PBXGroup;
			children = (
				31DB83D12B930B9900CF25D1 /* RealityKitContent */,
			);
			path = Packages;
			sourceTree = "<group>";
		};
		31DB83DC2B930B9B00CF25D1 /* Preview Content */ = {
			isa = PBXGroup;
			children = (
				31DB83DD2B930B9B00CF25D1 /* Preview Assets.xcassets */,
			);
			path = "Preview Content";
			sourceTree = "<group>";
		};
		31DB83E72B930B9C00CF25D1 /* NewVisionTests */ = {
			isa = PBXGroup;
			children = (
				31DB83E82B930B9C00CF25D1 /* NewVisionTests.swift */,
			);
			path = NewVisionTests;
			sourceTree = "<group>";
		};
/* End PBXGroup section */

/* Begin PBXNativeTarget section */
		31DB83CC2B930B9900CF25D1 /* NewVision */ = {
			isa = PBXNativeTarget;
			buildConfigurationList = 31DB83EC2B930B9C00CF25D1 /* Build configuration list for PBXNativeTarget "NewVision" */;
			buildPhases = (
				31DB83C92B930B9900CF25D1 /* Sources */,
				31DB83CA2B930B9900CF25D1 /* Frameworks */,
				31DB83CB2B930B9900CF25D1 /* Resources */,
			);
			buildRules = (
			);
			dependencies = (
			);
			name = NewVision;
			packageProductDependencies = (
				31DB83D22B930B9900CF25D1 /* RealityKitContent */,
			);
			productName = NewVision;
			productReference = 31DB83CD2B930B9900CF25D1 /* NewVision.app */;
			productType = "com.apple.product-type.application";
		};
		31DB83E32B930B9C00CF25D1 /* NewVisionTests */ = {
			isa = PBXNativeTarget;
			buildConfigurationList = 31DB83EF2B930B9C00CF25D1 /* Build configuration list for PBXNativeTarget "NewVisionTests" */;
			buildPhases = (
				31DB83E02B930B9C00CF25D1 /* Sources */,
				31DB83E12B930B9C00CF25D1 /* Frameworks */,
				31DB83E22B930B9C00CF25D1 /* Resources */,
			);
			buildRules = (
			);
			dependencies = (
				31DB83E62B930B9C00CF25D1 /* PBXTargetDependency */,
			);
			name = NewVisionTests;
			productName = NewVisionTests;
			productReference = 31DB83E42B930B9C00CF25D1 /* NewVisionTests.xctest */;
			productType = "com.apple.product-type.bundle.unit-test";
		};
/* End PBXNativeTarget section */

/* Begin PBXProject section */
		31DB83C52B930B9900CF25D1 /* Project object */ = {
			isa = PBXProject;
			attributes = {
				BuildIndependentTargetsInParallel = 1;
				LastSwiftUpdateCheck = 1530;
				LastUpgradeCheck = 1530;
				TargetAttributes = {
					31DB83CC2B930B9900CF25D1 = {
						CreatedOnToolsVersion = 15.3;
					};
					31DB83E32B930B9C00CF25D1 = {
						CreatedOnToolsVersion = 15.3;
						TestTargetID = 31DB83CC2B930B9900CF25D1;
					};
				};
			};
			buildConfigurationList = 31DB83C82B930B9900CF25D1 /* Build configuration list for PBXProject "NewVision" */;
			compatibilityVersion = "Xcode 14.0";
			developmentRegion = en;
			hasScannedForEncodings = 0;
			knownRegions = (
				en,
				Base,
			);
			mainGroup = 31DB83C42B930B9900CF25D1;
			productRefGroup = 31DB83CE2B930B9900CF25D1 /* Products */;
			projectDirPath = "";
			projectRoot = "";
			targets = (
				31DB83CC2B930B9900CF25D1 /* NewVision */,
				31DB83E32B930B9C00CF25D1 /* NewVisionTests */,
			);
		};
/* End PBXProject section */

/* Begin PBXResourcesBuildPhase section */
		31DB83CB2B930B9900CF25D1 /* Resources */ = {
			isa = PBXResourcesBuildPhase;
			buildActionMask = 2147483647;
			files = (
				31DB83DE2B930B9B00CF25D1 /* Preview Assets.xcassets in Resources */,
				31DB83DB2B930B9B00CF25D1 /* Assets.xcassets in Resources */,
				97A5E32C2B94FF1E00EFD633 /* sharon_5.mp3 in Resources */,
				97A5E32A2B94FF1E00EFD633 /* sharon_path1.mp3 in Resources */,
				97A5E32B2B94FF1E00EFD633 /* sharon_3.mp3 in Resources */,
				97A5E32D2B94FF1E00EFD633 /* sharon_1.mp3 in Resources */,
				97A5E32E2B94FF1E00EFD633 /* sharon_path2.mp3 in Resources */,
			);
			runOnlyForDeploymentPostprocessing = 0;
		};
		31DB83E22B930B9C00CF25D1 /* Resources */ = {
			isa = PBXResourcesBuildPhase;
			buildActionMask = 2147483647;
			files = (
			);
			runOnlyForDeploymentPostprocessing = 0;
		};
/* End PBXResourcesBuildPhase section */

/* Begin PBXSourcesBuildPhase section */
		31DB83C92B930B9900CF25D1 /* Sources */ = {
			isa = PBXSourcesBuildPhase;
			buildActionMask = 2147483647;
			files = (
				31DB83D72B930B9900CF25D1 /* ContentView.swift in Sources */,
				31DB83D52B930B9900CF25D1 /* NewVisionApp.swift in Sources */,
				31B2A2252B94443D00F0A78C /* StartSessionView.swift in Sources */,
				31DB83D92B930B9900CF25D1 /* ImmersiveView.swift in Sources */,
				975546152B94FD8A004606A4 /* GalleryView.swift in Sources */,
			);
			runOnlyForDeploymentPostprocessing = 0;
		};
		31DB83E02B930B9C00CF25D1 /* Sources */ = {
			isa = PBXSourcesBuildPhase;
			buildActionMask = 2147483647;
			files = (
				31DB83E92B930B9C00CF25D1 /* NewVisionTests.swift in Sources */,
			);
			runOnlyForDeploymentPostprocessing = 0;
		};
/* End PBXSourcesBuildPhase section */

/* Begin PBXTargetDependency section */
		31DB83E62B930B9C00CF25D1 /* PBXTargetDependency */ = {
			isa = PBXTargetDependency;
			target = 31DB83CC2B930B9900CF25D1 /* NewVision */;
			targetProxy = 31DB83E52B930B9C00CF25D1 /* PBXContainerItemProxy */;
		};
/* End PBXTargetDependency section */

/* Begin XCBuildConfiguration section */
		31DB83EA2B930B9C00CF25D1 /* Debug */ = {
			isa = XCBuildConfiguration;
			buildSettings = {
				ALWAYS_SEARCH_USER_PATHS = NO;
				ASSETCATALOG_COMPILER_GENERATE_SWIFT_ASSET_SYMBOL_EXTENSIONS = YES;
				CLANG_ANALYZER_NONNULL = YES;
				CLANG_ANALYZER_NUMBER_OBJECT_CONVERSION = YES_AGGRESSIVE;
				CLANG_CXX_LANGUAGE_STANDARD = "gnu++20";
				CLANG_ENABLE_MODULES = YES;
				CLANG_ENABLE_OBJC_ARC = YES;
				CLANG_ENABLE_OBJC_WEAK = YES;
				CLANG_WARN_BLOCK_CAPTURE_AUTORELEASING = YES;
				CLANG_WARN_BOOL_CONVERSION = YES;
				CLANG_WARN_COMMA = YES;
				CLANG_WARN_CONSTANT_CONVERSION = YES;
				CLANG_WARN_DEPRECATED_OBJC_IMPLEMENTATIONS = YES;
				CLANG_WARN_DIRECT_OBJC_ISA_USAGE = YES_ERROR;
				CLANG_WARN_DOCUMENTATION_COMMENTS = YES;
				CLANG_WARN_EMPTY_BODY = YES;
				CLANG_WARN_ENUM_CONVERSION = YES;
				CLANG_WARN_INFINITE_RECURSION = YES;
				CLANG_WARN_INT_CONVERSION = YES;
				CLANG_WARN_NON_LITERAL_NULL_CONVERSION = YES;
				CLANG_WARN_OBJC_IMPLICIT_RETAIN_SELF = YES;
				CLANG_WARN_OBJC_LITERAL_CONVERSION = YES;
				CLANG_WARN_OBJC_ROOT_CLASS = YES_ERROR;
				CLANG_WARN_QUOTED_INCLUDE_IN_FRAMEWORK_HEADER = YES;
				CLANG_WARN_RANGE_LOOP_ANALYSIS = YES;
				CLANG_WARN_STRICT_PROTOTYPES = YES;
				CLANG_WARN_SUSPICIOUS_MOVE = YES;
				CLANG_WARN_UNGUARDED_AVAILABILITY = YES_AGGRESSIVE;
				CLANG_WARN_UNREACHABLE_CODE = YES;
				CLANG_WARN__DUPLICATE_METHOD_MATCH = YES;
				COPY_PHASE_STRIP = NO;
				DEBUG_INFORMATION_FORMAT = dwarf;
				ENABLE_STRICT_OBJC_MSGSEND = YES;
				ENABLE_TESTABILITY = YES;
				ENABLE_USER_SCRIPT_SANDBOXING = YES;
				GCC_C_LANGUAGE_STANDARD = gnu17;
				GCC_DYNAMIC_NO_PIC = NO;
				GCC_NO_COMMON_BLOCKS = YES;
				GCC_OPTIMIZATION_LEVEL = 0;
				GCC_PREPROCESSOR_DEFINITIONS = (
					"DEBUG=1",
					"$(inherited)",
				);
				GCC_WARN_64_TO_32_BIT_CONVERSION = YES;
				GCC_WARN_ABOUT_RETURN_TYPE = YES_ERROR;
				GCC_WARN_UNDECLARED_SELECTOR = YES;
				GCC_WARN_UNINITIALIZED_AUTOS = YES_AGGRESSIVE;
				GCC_WARN_UNUSED_FUNCTION = YES;
				GCC_WARN_UNUSED_VARIABLE = YES;
				LOCALIZATION_PREFERS_STRING_CATALOGS = YES;
				MTL_ENABLE_DEBUG_INFO = INCLUDE_SOURCE;
				MTL_FAST_MATH = YES;
				ONLY_ACTIVE_ARCH = YES;
				SDKROOT = xros;
				SWIFT_ACTIVE_COMPILATION_CONDITIONS = "DEBUG $(inherited)";
				SWIFT_OPTIMIZATION_LEVEL = "-Onone";
				XROS_DEPLOYMENT_TARGET = 1.0;
			};
			name = Debug;
		};
		31DB83EB2B930B9C00CF25D1 /* Release */ = {
			isa = XCBuildConfiguration;
			buildSettings = {
				ALWAYS_SEARCH_USER_PATHS = NO;
				ASSETCATALOG_COMPILER_GENERATE_SWIFT_ASSET_SYMBOL_EXTENSIONS = YES;
				CLANG_ANALYZER_NONNULL = YES;
				CLANG_ANALYZER_NUMBER_OBJECT_CONVERSION = YES_AGGRESSIVE;
				CLANG_CXX_LANGUAGE_STANDARD = "gnu++20";
				CLANG_ENABLE_MODULES = YES;
				CLANG_ENABLE_OBJC_ARC = YES;
				CLANG_ENABLE_OBJC_WEAK = YES;
				CLANG_WARN_BLOCK_CAPTURE_AUTORELEASING = YES;
				CLANG_WARN_BOOL_CONVERSION = YES;
				CLANG_WARN_COMMA = YES;
				CLANG_WARN_CONSTANT_CONVERSION = YES;
				CLANG_WARN_DEPRECATED_OBJC_IMPLEMENTATIONS = YES;
				CLANG_WARN_DIRECT_OBJC_ISA_USAGE = YES_ERROR;
				CLANG_WARN_DOCUMENTATION_COMMENTS = YES;
				CLANG_WARN_EMPTY_BODY = YES;
				CLANG_WARN_ENUM_CONVERSION = YES;
				CLANG_WARN_INFINITE_RECURSION = YES;
				CLANG_WARN_INT_CONVERSION = YES;
				CLANG_WARN_NON_LITERAL_NULL_CONVERSION = YES;
				CLANG_WARN_OBJC_IMPLICIT_RETAIN_SELF = YES;
				CLANG_WARN_OBJC_LITERAL_CONVERSION = YES;
				CLANG_WARN_OBJC_ROOT_CLASS = YES_ERROR;
				CLANG_WARN_QUOTED_INCLUDE_IN_FRAMEWORK_HEADER = YES;
				CLANG_WARN_RANGE_LOOP_ANALYSIS = YES;
				CLANG_WARN_STRICT_PROTOTYPES = YES;
				CLANG_WARN_SUSPICIOUS_MOVE = YES;
				CLANG_WARN_UNGUARDED_AVAILABILITY = YES_AGGRESSIVE;
				CLANG_WARN_UNREACHABLE_CODE = YES;
				CLANG_WARN__DUPLICATE_METHOD_MATCH = YES;
				COPY_PHASE_STRIP = NO;
				DEBUG_INFORMATION_FORMAT = "dwarf-with-dsym";
				ENABLE_NS_ASSERTIONS = NO;
				ENABLE_STRICT_OBJC_MSGSEND = YES;
				ENABLE_USER_SCRIPT_SANDBOXING = YES;
				GCC_C_LANGUAGE_STANDARD = gnu17;
				GCC_NO_COMMON_BLOCKS = YES;
				GCC_WARN_64_TO_32_BIT_CONVERSION = YES;
				GCC_WARN_ABOUT_RETURN_TYPE = YES_ERROR;
				GCC_WARN_UNDECLARED_SELECTOR = YES;
				GCC_WARN_UNINITIALIZED_AUTOS = YES_AGGRESSIVE;
				GCC_WARN_UNUSED_FUNCTION = YES;
				GCC_WARN_UNUSED_VARIABLE = YES;
				LOCALIZATION_PREFERS_STRING_CATALOGS = YES;
				MTL_ENABLE_DEBUG_INFO = NO;
				MTL_FAST_MATH = YES;
				SDKROOT = xros;
				SWIFT_COMPILATION_MODE = wholemodule;
				VALIDATE_PRODUCT = YES;
				XROS_DEPLOYMENT_TARGET = 1.0;
			};
			name = Release;
		};
		31DB83ED2B930B9C00CF25D1 /* Debug */ = {
			isa = XCBuildConfiguration;
			buildSettings = {
				ASSETCATALOG_COMPILER_APPICON_NAME = AppIcon;
				ASSETCATALOG_COMPILER_GLOBAL_ACCENT_COLOR_NAME = AccentColor;
				CODE_SIGN_STYLE = Automatic;
				CURRENT_PROJECT_VERSION = 1;
				DEVELOPMENT_ASSET_PATHS = "\"NewVision/Preview Content\"";
				ENABLE_PREVIEWS = YES;
				GENERATE_INFOPLIST_FILE = YES;
				INFOPLIST_FILE = "$(TARGET_NAME)/Info.plist";
				LD_RUNPATH_SEARCH_PATHS = (
					"$(inherited)",
					"@executable_path/Frameworks",
				);
				MARKETING_VERSION = 1.0;
				PRODUCT_BUNDLE_IDENTIFIER = KT.NewVision;
				PRODUCT_NAME = "$(TARGET_NAME)";
				SUPPORTED_PLATFORMS = "xros xrsimulator";
				SWIFT_EMIT_LOC_STRINGS = YES;
				SWIFT_VERSION = 5.0;
				TARGETED_DEVICE_FAMILY = "1,2,7";
			};
			name = Debug;
		};
		31DB83EE2B930B9C00CF25D1 /* Release */ = {
			isa = XCBuildConfiguration;
			buildSettings = {
				ASSETCATALOG_COMPILER_APPICON_NAME = AppIcon;
				ASSETCATALOG_COMPILER_GLOBAL_ACCENT_COLOR_NAME = AccentColor;
				CODE_SIGN_STYLE = Automatic;
				CURRENT_PROJECT_VERSION = 1;
				DEVELOPMENT_ASSET_PATHS = "\"NewVision/Preview Content\"";
				ENABLE_PREVIEWS = YES;
				GENERATE_INFOPLIST_FILE = YES;
				INFOPLIST_FILE = "$(TARGET_NAME)/Info.plist";
				LD_RUNPATH_SEARCH_PATHS = (
					"$(inherited)",
					"@executable_path/Frameworks",
				);
				MARKETING_VERSION = 1.0;
				PRODUCT_BUNDLE_IDENTIFIER = KT.NewVision;
				PRODUCT_NAME = "$(TARGET_NAME)";
				SUPPORTED_PLATFORMS = "xros xrsimulator";
				SWIFT_EMIT_LOC_STRINGS = YES;
				SWIFT_VERSION = 5.0;
				TARGETED_DEVICE_FAMILY = "1,2,7";
			};
			name = Release;
		};
		31DB83F02B930B9C00CF25D1 /* Debug */ = {
			isa = XCBuildConfiguration;
			buildSettings = {
				ALWAYS_EMBED_SWIFT_STANDARD_LIBRARIES = YES;
				BUNDLE_LOADER = "$(TEST_HOST)";
				CODE_SIGN_STYLE = Automatic;
				CURRENT_PROJECT_VERSION = 1;
				GENERATE_INFOPLIST_FILE = YES;
				MARKETING_VERSION = 1.0;
				PRODUCT_BUNDLE_IDENTIFIER = KT.NewVisionTests;
				PRODUCT_NAME = "$(TARGET_NAME)";
				SUPPORTED_PLATFORMS = "xros xrsimulator";
				SWIFT_EMIT_LOC_STRINGS = NO;
				SWIFT_VERSION = 5.0;
				TARGETED_DEVICE_FAMILY = "1,2,7";
				TEST_HOST = "$(BUILT_PRODUCTS_DIR)/NewVision.app/$(BUNDLE_EXECUTABLE_FOLDER_PATH)/NewVision";
				XROS_DEPLOYMENT_TARGET = 1.0;
			};
			name = Debug;
		};
		31DB83F12B930B9C00CF25D1 /* Release */ = {
			isa = XCBuildConfiguration;
			buildSettings = {
				ALWAYS_EMBED_SWIFT_STANDARD_LIBRARIES = YES;
				BUNDLE_LOADER = "$(TEST_HOST)";
				CODE_SIGN_STYLE = Automatic;
				CURRENT_PROJECT_VERSION = 1;
				GENERATE_INFOPLIST_FILE = YES;
				MARKETING_VERSION = 1.0;
				PRODUCT_BUNDLE_IDENTIFIER = KT.NewVisionTests;
				PRODUCT_NAME = "$(TARGET_NAME)";
				SUPPORTED_PLATFORMS = "xros xrsimulator";
				SWIFT_EMIT_LOC_STRINGS = NO;
				SWIFT_VERSION = 5.0;
				TARGETED_DEVICE_FAMILY = "1,2,7";
				TEST_HOST = "$(BUILT_PRODUCTS_DIR)/NewVision.app/$(BUNDLE_EXECUTABLE_FOLDER_PATH)/NewVision";
				XROS_DEPLOYMENT_TARGET = 1.0;
			};
			name = Release;
		};
/* End XCBuildConfiguration section */

/* Begin XCConfigurationList section */
		31DB83C82B930B9900CF25D1 /* Build configuration list for PBXProject "NewVision" */ = {
			isa = XCConfigurationList;
			buildConfigurations = (
				31DB83EA2B930B9C00CF25D1 /* Debug */,
				31DB83EB2B930B9C00CF25D1 /* Release */,
			);
			defaultConfigurationIsVisible = 0;
			defaultConfigurationName = Release;
		};
		31DB83EC2B930B9C00CF25D1 /* Build configuration list for PBXNativeTarget "NewVision" */ = {
			isa = XCConfigurationList;
			buildConfigurations = (
				31DB83ED2B930B9C00CF25D1 /* Debug */,
				31DB83EE2B930B9C00CF25D1 /* Release */,
			);
			defaultConfigurationIsVisible = 0;
			defaultConfigurationName = Release;
		};
		31DB83EF2B930B9C00CF25D1 /* Build configuration list for PBXNativeTarget "NewVisionTests" */ = {
			isa = XCConfigurationList;
			buildConfigurations = (
				31DB83F02B930B9C00CF25D1 /* Debug */,
				31DB83F12B930B9C00CF25D1 /* Release */,
			);
			defaultConfigurationIsVisible = 0;
			defaultConfigurationName = Release;
		};
/* End XCConfigurationList section */

/* Begin XCSwiftPackageProductDependency section */
		31DB83D22B930B9900CF25D1 /* RealityKitContent */ = {
			isa = XCSwiftPackageProductDependency;
			productName = RealityKitContent;
		};
/* End XCSwiftPackageProductDependency section */
	};
	rootObject = 31DB83C52B930B9900CF25D1 /* Project object */;
}
